
Microsoft Visual Studio Solution File, Format Version 12.00
# Visual Studio Version 17
VisualStudioVersion = 17.9.34728.123
MinimumVisualStudioVersion = 10.0.40219.1
Project("{FAE04EC0-301F-11D3-BF4B-00C04F79EFBC}") = "xliff", "xliff\xliff.csproj", "{7858272F-E256-4F91-AD95-0A6744029307}"
EndProject
Project("{2150E333-8FDC-42A3-9474-1A3956D46DE8}") = "Solution Items", "Solution Items", "{A186101F-4191-4CEE-A8C2-C1BE66E71286}"
	ProjectSection(SolutionItems) = preProject
		README.md = README.md
	EndProjectSection
EndProject
Project("{FAE04EC0-301F-11D3-BF4B-00C04F79EFBC}") = "Xlf.Core", "Xlf.Core\Xlf.Core.csproj", "{1E80C37F-ED1F-4F82-AAE3-E4EC84D23CBA}"
EndProject
Project("{FAE04EC0-301F-11D3-BF4B-00C04F79EFBC}") = "Xlf.Core.Test", "Xlf.Core.Test\Xlf.Core.Test.csproj", "{0BAA1723-5C55-4E38-9A7C-D638DC455416}"
EndProject
Global
	GlobalSection(SolutionConfigurationPlatforms) = preSolution
		Debug|Any CPU = Debug|Any CPU
		Release|Any CPU = Release|Any CPU
	EndGlobalSection
	GlobalSection(ProjectConfigurationPlatforms) = postSolution
		{7858272F-E256-4F91-AD95-0A6744029307}.Debug|Any CPU.ActiveCfg = Debug|Any CPU
		{7858272F-E256-4F91-AD95-0A6744029307}.Debug|Any CPU.Build.0 = Debug|Any CPU
		{7858272F-E256-4F91-AD95-0A6744029307}.Release|Any CPU.ActiveCfg = Release|Any CPU
		{7858272F-E256-4F91-AD95-0A6744029307}.Release|Any CPU.Build.0 = Release|Any CPU
		{1E80C37F-ED1F-4F82-AAE3-E4EC84D23CBA}.Debug|Any CPU.ActiveCfg = Debug|Any CPU
		{1E80C37F-ED1F-4F82-AAE3-E4EC84D23CBA}.Debug|Any CPU.Build.0 = Debug|Any CPU
		{1E80C37F-ED1F-4F82-AAE3-E4EC84D23CBA}.Release|Any CPU.ActiveCfg = Release|Any CPU
		{1E80C37F-ED1F-4F82-AAE3-E4EC84D23CBA}.Release|Any CPU.Build.0 = Release|Any CPU
		{0BAA1723-5C55-4E38-9A7C-D638DC455416}.Debug|Any CPU.ActiveCfg = Debug|Any CPU
		{0BAA1723-5C55-4E38-9A7C-D638DC455416}.Debug|Any CPU.Build.0 = Debug|Any CPU
		{0BAA1723-5C55-4E38-9A7C-D638DC455416}.Release|Any CPU.ActiveCfg = Release|Any CPU
		{0BAA1723-5C55-4E38-9A7C-D638DC455416}.Release|Any CPU.Build.0 = Release|Any CPU
	EndGlobalSection
	GlobalSection(SolutionProperties) = preSolution
		HideSolutionNode = FALSE
	EndGlobalSection
	GlobalSection(ExtensibilityGlobals) = postSolution
		SolutionGuid = {9E5EAC1E-414D-4019-A33F-22AFE194E363}
	EndGlobalSection
EndGlobal
